// !$*UTF8*$!
{
	archiveVersion = 1;
	classes = {
	};
	objectVersion = 50;
	objects = {

/* Begin PBXBuildFile section */
		073EB2A5250BF6CE00DD007B /* AppDelegate.m in Sources */ = {isa = PBXBuildFile; fileRef = 073EB2A4250BF6CE00DD007B /* AppDelegate.m */; };
		073EB2A8250BF6CE00DD007B /* SceneDelegate.m in Sources */ = {isa = PBXBuildFile; fileRef = 073EB2A7250BF6CE00DD007B /* SceneDelegate.m */; };
		073EB2AB250BF6CE00DD007B /* ViewController.m in Sources */ = {isa = PBXBuildFile; fileRef = 073EB2AA250BF6CE00DD007B /* ViewController.m */; };
		073EB2AE250BF6CE00DD007B /* Main.storyboard in Resources */ = {isa = PBXBuildFile; fileRef = 073EB2AC250BF6CE00DD007B /* Main.storyboard */; };
		073EB2B1250BF6CE00DD007B /* ShockVx.xcdatamodeld in Sources */ = {isa = PBXBuildFile; fileRef = 073EB2AF250BF6CE00DD007B /* ShockVx.xcdatamodeld */; };
		073EB2B3250BF6CF00DD007B /* Assets.xcassets in Resources */ = {isa = PBXBuildFile; fileRef = 073EB2B2250BF6CF00DD007B /* Assets.xcassets */; };
		073EB2B6250BF6CF00DD007B /* LaunchScreen.storyboard in Resources */ = {isa = PBXBuildFile; fileRef = 073EB2B4250BF6CF00DD007B /* LaunchScreen.storyboard */; };
		073EB2B9250BF6D000DD007B /* main.m in Sources */ = {isa = PBXBuildFile; fileRef = 073EB2B8250BF6D000DD007B /* main.m */; };
/* End PBXBuildFile section */

/* Begin PBXFileReference section */
		073EB2A0250BF6CE00DD007B /* ShockVx.app */ = {isa = PBXFileReference; explicitFileType = wrapper.application; includeInIndex = 0; path = ShockVx.app; sourceTree = BUILT_PRODUCTS_DIR; };
		073EB2A3250BF6CE00DD007B /* AppDelegate.h */ = {isa = PBXFileReference; lastKnownFileType = sourcecode.c.h; path = AppDelegate.h; sourceTree = "<group>"; };
		073EB2A4250BF6CE00DD007B /* AppDelegate.m */ = {isa = PBXFileReference; lastKnownFileType = sourcecode.c.objc; path = AppDelegate.m; sourceTree = "<group>"; };
		073EB2A6250BF6CE00DD007B /* SceneDelegate.h */ = {isa = PBXFileReference; lastKnownFileType = sourcecode.c.h; path = SceneDelegate.h; sourceTree = "<group>"; };
		073EB2A7250BF6CE00DD007B /* SceneDelegate.m */ = {isa = PBXFileReference; lastKnownFileType = sourcecode.c.objc; path = SceneDelegate.m; sourceTree = "<group>"; };
		073EB2A9250BF6CE00DD007B /* ViewController.h */ = {isa = PBXFileReference; lastKnownFileType = sourcecode.c.h; path = ViewController.h; sourceTree = "<group>"; };
		073EB2AA250BF6CE00DD007B /* ViewController.m */ = {isa = PBXFileReference; lastKnownFileType = sourcecode.c.objc; path = ViewController.m; sourceTree = "<group>"; };
		073EB2AD250BF6CE00DD007B /* Base */ = {isa = PBXFileReference; lastKnownFileType = file.storyboard; name = Base; path = Base.lproj/Main.storyboard; sourceTree = "<group>"; };
		073EB2B0250BF6CE00DD007B /* ShockVx.xcdatamodel */ = {isa = PBXFileReference; lastKnownFileType = wrapper.xcdatamodel; path = ShockVx.xcdatamodel; sourceTree = "<group>"; };
		073EB2B2250BF6CF00DD007B /* Assets.xcassets */ = {isa = PBXFileReference; lastKnownFileType = folder.assetcatalog; path = Assets.xcassets; sourceTree = "<group>"; };
		073EB2B5250BF6CF00DD007B /* Base */ = {isa = PBXFileReference; lastKnownFileType = file.storyboard; name = Base; path = Base.lproj/LaunchScreen.storyboard; sourceTree = "<group>"; };
		073EB2B7250BF6D000DD007B /* Info.plist */ = {isa = PBXFileReference; lastKnownFileType = text.plist.xml; path = Info.plist; sourceTree = "<group>"; };
		073EB2B8250BF6D000DD007B /* main.m */ = {isa = PBXFileReference; lastKnownFileType = sourcecode.c.objc; path = main.m; sourceTree = "<group>"; };
/* End PBXFileReference section */

/* Begin PBXFrameworksBuildPhase section */
		073EB29D250BF6CE00DD007B /* Frameworks */ = {
			isa = PBXFrameworksBuildPhase;
			buildActionMask = 2147483647;
			files = (
			);
			runOnlyForDeploymentPostprocessing = 0;
		};
/* End PBXFrameworksBuildPhase section */

/* Begin PBXGroup section */
		073EB297250BF6CE00DD007B = {
			isa = PBXGroup;
			children = (
				073EB2A2250BF6CE00DD007B /* ShockVx */,
				073EB2A1250BF6CE00DD007B /* Products */,
			);
			sourceTree = "<group>";
		};
		073EB2A1250BF6CE00DD007B /* Products */ = {
			isa = PBXGroup;
			children = (
				073EB2A0250BF6CE00DD007B /* ShockVx.app */,
			);
			name = Products;
			sourceTree = "<group>";
		};
		073EB2A2250BF6CE00DD007B /* ShockVx */ = {
			isa = PBXGroup;
			children = (
				073EB2A3250BF6CE00DD007B /* AppDelegate.h */,
				073EB2A4250BF6CE00DD007B /* AppDelegate.m */,
				073EB2A6250BF6CE00DD007B /* SceneDelegate.h */,
				073EB2A7250BF6CE00DD007B /* SceneDelegate.m */,
				073EB2A9250BF6CE00DD007B /* ViewController.h */,
				073EB2AA250BF6CE00DD007B /* ViewController.m */,
				073EB2AC250BF6CE00DD007B /* Main.storyboard */,
				073EB2B2250BF6CF00DD007B /* Assets.xcassets */,
				073EB2B4250BF6CF00DD007B /* LaunchScreen.storyboard */,
				073EB2B7250BF6D000DD007B /* Info.plist */,
				073EB2B8250BF6D000DD007B /* main.m */,
				073EB2AF250BF6CE00DD007B /* ShockVx.xcdatamodeld */,
			);
			path = ShockVx;
			sourceTree = "<group>";
		};
/* End PBXGroup section */

/* Begin PBXNativeTarget section */
		073EB29F250BF6CE00DD007B /* ShockVx */ = {
			isa = PBXNativeTarget;
			buildConfigurationList = 073EB2BC250BF6D000DD007B /* Build configuration list for PBXNativeTarget "ShockVx" */;
			buildPhases = (
				073EB29C250BF6CE00DD007B /* Sources */,
				073EB29D250BF6CE00DD007B /* Frameworks */,
				073EB29E250BF6CE00DD007B /* Resources */,
			);
			buildRules = (
			);
			dependencies = (
			);
			name = ShockVx;
			productName = ShockVx;
			productReference = 073EB2A0250BF6CE00DD007B /* ShockVx.app */;
			productType = "com.apple.product-type.application";
		};
/* End PBXNativeTarget section */

/* Begin PBXProject section */
		073EB298250BF6CE00DD007B /* Project object */ = {
			isa = PBXProject;
			attributes = {
				LastUpgradeCheck = 1170;
				ORGANIZATIONNAME = com.velvetwire;
				TargetAttributes = {
					073EB29F250BF6CE00DD007B = {
						CreatedOnToolsVersion = 11.7;
					};
				};
			};
			buildConfigurationList = 073EB29B250BF6CE00DD007B /* Build configuration list for PBXProject "ShockVx" */;
			compatibilityVersion = "Xcode 9.3";
			developmentRegion = en;
			hasScannedForEncodings = 0;
			knownRegions = (
				en,
				Base,
			);
			mainGroup = 073EB297250BF6CE00DD007B;
			productRefGroup = 073EB2A1250BF6CE00DD007B /* Products */;
			projectDirPath = "";
			projectRoot = "";
			targets = (
				073EB29F250BF6CE00DD007B /* ShockVx */,
			);
		};
/* End PBXProject section */

/* Begin PBXResourcesBuildPhase section */
		073EB29E250BF6CE00DD007B /* Resources */ = {
			isa = PBXResourcesBuildPhase;
			buildActionMask = 2147483647;
			files = (
				073EB2B6250BF6CF00DD007B /* LaunchScreen.storyboard in Resources */,
				073EB2B3250BF6CF00DD007B /* Assets.xcassets in Resources */,
				073EB2AE250BF6CE00DD007B /* Main.storyboard in Resources */,
			);
			runOnlyForDeploymentPostprocessing = 0;
		};
/* End PBXResourcesBuildPhase section */

/* Begin PBXSourcesBuildPhase section */
		073EB29C250BF6CE00DD007B /* Sources */ = {
			isa = PBXSourcesBuildPhase;
			buildActionMask = 2147483647;
			files = (
				073EB2B9250BF6D000DD007B /* main.m in Sources */,
				073EB2AB250BF6CE00DD007B /* ViewController.m in Sources */,
				073EB2A5250BF6CE00DD007B /* AppDelegate.m in Sources */,
				073EB2B1250BF6CE00DD007B /* ShockVx.xcdatamodeld in Sources */,
				073EB2A8250BF6CE00DD007B /* SceneDelegate.m in Sources */,
			);
			runOnlyForDeploymentPostprocessing = 0;
		};
/* End PBXSourcesBuildPhase section */

/* Begin PBXVariantGroup section */
		073EB2AC250BF6CE00DD007B /* Main.storyboard */ = {
			isa = PBXVariantGroup;
			children = (
				073EB2AD250BF6CE00DD007B /* Base */,
			);
			name = Main.storyboard;
			sourceTree = "<group>";
		};
		073EB2B4250BF6CF00DD007B /* LaunchScreen.storyboard */ = {
			isa = PBXVariantGroup;
			children = (
				073EB2B5250BF6CF00DD007B /* Base */,
			);
			name = LaunchScreen.storyboard;
			sourceTree = "<group>";
		};
/* End PBXVariantGroup section */

/* Begin XCBuildConfiguration section */
		073EB2BA250BF6D000DD007B /* Debug */ = {
			isa = XCBuildConfiguration;
			buildSettings = {
				ALWAYS_SEARCH_USER_PATHS = NO;
				CLANG_ANALYZER_NONNULL = YES;
				CLANG_ANALYZER_NUMBER_OBJECT_CONVERSION = YES_AGGRESSIVE;
				CLANG_CXX_LANGUAGE_STANDARD = "gnu++14";
				CLANG_CXX_LIBRARY = "libc++";
				CLANG_ENABLE_MODULES = YES;
				CLANG_ENABLE_OBJC_ARC = YES;
				CLANG_ENABLE_OBJC_WEAK = YES;
				CLANG_WARN_BLOCK_CAPTURE_AUTORELEASING = YES;
				CLANG_WARN_BOOL_CONVERSION = YES;
				CLANG_WARN_COMMA = YES;
				CLANG_WARN_CONSTANT_CONVERSION = YES;
				CLANG_WARN_DEPRECATED_OBJC_IMPLEMENTATIONS = YES;
				CLANG_WARN_DIRECT_OBJC_ISA_USAGE = YES_ERROR;
				CLANG_WARN_DOCUMENTATION_COMMENTS = YES;
				CLANG_WARN_EMPTY_BODY = YES;
				CLANG_WARN_ENUM_CONVERSION = YES;
				CLANG_WARN_INFINITE_RECURSION = YES;
				CLANG_WARN_INT_CONVERSION = YES;
				CLANG_WARN_NON_LITERAL_NULL_CONVERSION = YES;
				CLANG_WARN_OBJC_IMPLICIT_RETAIN_SELF = YES;
				CLANG_WARN_OBJC_LITERAL_CONVERSION = YES;
				CLANG_WARN_OBJC_ROOT_CLASS = YES_ERROR;
				CLANG_WARN_RANGE_LOOP_ANALYSIS = YES;
				CLANG_WARN_STRICT_PROTOTYPES = YES;
				CLANG_WARN_SUSPICIOUS_MOVE = YES;
				CLANG_WARN_UNGUARDED_AVAILABILITY = YES_AGGRESSIVE;
				CLANG_WARN_UNREACHABLE_CODE = YES;
				CLANG_WARN__DUPLICATE_METHOD_MATCH = YES;
				COPY_PHASE_STRIP = NO;
				DEBUG_INFORMATION_FORMAT = dwarf;
				ENABLE_STRICT_OBJC_MSGSEND = YES;
				ENABLE_TESTABILITY = YES;
				GCC_C_LANGUAGE_STANDARD = gnu11;
				GCC_DYNAMIC_NO_PIC = NO;
				GCC_NO_COMMON_BLOCKS = YES;
				GCC_OPTIMIZATION_LEVEL = 0;
				GCC_PREPROCESSOR_DEFINITIONS = (
					"DEBUG=1",
					"$(inherited)",
				);
				GCC_WARN_64_TO_32_BIT_CONVERSION = YES;
				GCC_WARN_ABOUT_RETURN_TYPE = YES_ERROR;
				GCC_WARN_UNDECLARED_SELECTOR = YES;
				GCC_WARN_UNINITIALIZED_AUTOS = YES_AGGRESSIVE;
				GCC_WARN_UNUSED_FUNCTION = YES;
				GCC_WARN_UNUSED_VARIABLE = YES;
				IPHONEOS_DEPLOYMENT_TARGET = 13.7;
				MTL_ENABLE_DEBUG_INFO = INCLUDE_SOURCE;
				MTL_FAST_MATH = YES;
				ONLY_ACTIVE_ARCH = YES;
				SDKROOT = iphoneos;
			};
			name = Debug;
		};
		073EB2BB250BF6D000DD007B /* Release */ = {
			isa = XCBuildConfiguration;
			buildSettings = {
				ALWAYS_SEARCH_USER_PATHS = NO;
				CLANG_ANALYZER_NONNULL = YES;
				CLANG_ANALYZER_NUMBER_OBJECT_CONVERSION = YES_AGGRESSIVE;
				CLANG_CXX_LANGUAGE_STANDARD = "gnu++14";
				CLANG_CXX_LIBRARY = "libc++";
				CLANG_ENABLE_MODULES = YES;
				CLANG_ENABLE_OBJC_ARC = YES;
				CLANG_ENABLE_OBJC_WEAK = YES;
				CLANG_WARN_BLOCK_CAPTURE_AUTORELEASING = YES;
				CLANG_WARN_BOOL_CONVERSION = YES;
				CLANG_WARN_COMMA = YES;
				CLANG_WARN_CONSTANT_CONVERSION = YES;
				CLANG_WARN_DEPRECATED_OBJC_IMPLEMENTATIONS = YES;
				CLANG_WARN_DIRECT_OBJC_ISA_USAGE = YES_ERROR;
				CLANG_WARN_DOCUMENTATION_COMMENTS = YES;
				CLANG_WARN_EMPTY_BODY = YES;
				CLANG_WARN_ENUM_CONVERSION = YES;
				CLANG_WARN_INFINITE_RECURSION = YES;
				CLANG_WARN_INT_CONVERSION = YES;
				CLANG_WARN_NON_LITERAL_NULL_CONVERSION = YES;
				CLANG_WARN_OBJC_IMPLICIT_RETAIN_SELF = YES;
				CLANG_WARN_OBJC_LITERAL_CONVERSION = YES;
				CLANG_WARN_OBJC_ROOT_CLASS = YES_ERROR;
				CLANG_WARN_RANGE_LOOP_ANALYSIS = YES;
				CLANG_WARN_STRICT_PROTOTYPES = YES;
				CLANG_WARN_SUSPICIOUS_MOVE = YES;
				CLANG_WARN_UNGUARDED_AVAILABILITY = YES_AGGRESSIVE;
				CLANG_WARN_UNREACHABLE_CODE = YES;
				CLANG_WARN__DUPLICATE_METHOD_MATCH = YES;
				COPY_PHASE_STRIP = NO;
				DEBUG_INFORMATION_FORMAT = "dwarf-with-dsym";
				ENABLE_NS_ASSERTIONS = NO;
				ENABLE_STRICT_OBJC_MSGSEND = YES;
				GCC_C_LANGUAGE_STANDARD = gnu11;
				GCC_NO_COMMON_BLOCKS = YES;
				GCC_WARN_64_TO_32_BIT_CONVERSION = YES;
				GCC_WARN_ABOUT_RETURN_TYPE = YES_ERROR;
				GCC_WARN_UNDECLARED_SELECTOR = YES;
				GCC_WARN_UNINITIALIZED_AUTOS = YES_AGGRESSIVE;
				GCC_WARN_UNUSED_FUNCTION = YES;
				GCC_WARN_UNUSED_VARIABLE = YES;
				IPHONEOS_DEPLOYMENT_TARGET = 13.7;
				MTL_ENABLE_DEBUG_INFO = NO;
				MTL_FAST_MATH = YES;
				SDKROOT = iphoneos;
				VALIDATE_PRODUCT = YES;
			};
			name = Release;
		};
		073EB2BD250BF6D000DD007B /* Debug */ = {
			isa = XCBuildConfiguration;
			buildSettings = {
				ASSETCATALOG_COMPILER_APPICON_NAME = AppIcon;
				CODE_SIGN_STYLE = Automatic;
				DEVELOPMENT_TEAM = EY4LZWYGFB;
				INFOPLIST_FILE = ShockVx/Info.plist;
				LD_RUNPATH_SEARCH_PATHS = (
					"$(inherited)",
					"@executable_path/Frameworks",
				);
				PRODUCT_BUNDLE_IDENTIFIER = com.velvetwire.ShockVx;
				PRODUCT_NAME = "$(TARGET_NAME)";
				TARGETED_DEVICE_FAMILY = "1,2";
			};
			name = Debug;
		};
		073EB2BE250BF6D000DD007B /* Release */ = {
			isa = XCBuildConfiguration;
			buildSettings = {
				ASSETCATALOG_COMPILER_APPICON_NAME = AppIcon;
				CODE_SIGN_STYLE = Automatic;
				DEVELOPMENT_TEAM = EY4LZWYGFB;
				INFOPLIST_FILE = ShockVx/Info.plist;
				LD_RUNPATH_SEARCH_PATHS = (
					"$(inherited)",
					"@executable_path/Frameworks",
				);
				PRODUCT_BUNDLE_IDENTIFIER = com.velvetwire.ShockVx;
				PRODUCT_NAME = "$(TARGET_NAME)";
				TARGETED_DEVICE_FAMILY = "1,2";
			};
			name = Release;
		};
/* End XCBuildConfiguration section */

/* Begin XCConfigurationList section */
		073EB29B250BF6CE00DD007B /* Build configuration list for PBXProject "ShockVx" */ = {
			isa = XCConfigurationList;
			buildConfigurations = (
				073EB2BA250BF6D000DD007B /* Debug */,
				073EB2BB250BF6D000DD007B /* Release */,
			);
			defaultConfigurationIsVisible = 0;
			defaultConfigurationName = Release;
		};
		073EB2BC250BF6D000DD007B /* Build configuration list for PBXNativeTarget "ShockVx" */ = {
			isa = XCConfigurationList;
			buildConfigurations = (
				073EB2BD250BF6D000DD007B /* Debug */,
				073EB2BE250BF6D000DD007B /* Release */,
			);
			defaultConfigurationIsVisible = 0;
			defaultConfigurationName = Release;
		};
/* End XCConfigurationList section */

/* Begin XCVersionGroup section */
		073EB2AF250BF6CE00DD007B /* ShockVx.xcdatamodeld */ = {
			isa = XCVersionGroup;
			children = (
				073EB2B0250BF6CE00DD007B /* ShockVx.xcdatamodel */,
			);
			currentVersion = 073EB2B0250BF6CE00DD007B /* ShockVx.xcdatamodel */;
			path = ShockVx.xcdatamodeld;
			sourceTree = "<group>";
			versionGroupType = wrapper.xcdatamodel;
		};
/* End XCVersionGroup section */
	};
	rootObject = 073EB298250BF6CE00DD007B /* Project object */;
}
